{
  "name": "ohos-typescript-playground",
  "version": "1.0.0",
  "lockfileVersion": 3,
  "requires": true,
  "packages": {
    "": {
      "name": "ohos-typescript-playground",
      "version": "1.0.0",
      "license": "ISC",
      "dependencies": {
        "ohos-typescript": "^4.9.5-r10"
      }
    },
    "node_modules/ohos-typescript": {
      "version": "4.9.5-r10",
      "resolved": "https://registry.npmjs.org/ohos-typescript/-/ohos-typescript-4.9.5-r10.tgz",
      "integrity": "sha512-UyLXhBnUe5H4HGugf1ocYPawod0Q4ituiUATYoHIR5y4uxnH4+8ddD39aeLgcQah1YMv2DRKRaL9W1jgtnbEtQ==",
      "bin": {
        "tsc": "bin/tsc",
        "tsserver": "bin/tsserver"
      },
      "engines": {
        "node": ">=4.2.0"
      }
    }
  }
}
